
Microsoft Visual Studio Solution File, Format Version 12.00
# Visual Studio Version 16
VisualStudioVersion = 16.0.31402.337
MinimumVisualStudioVersion = 10.0.40219.1
Project("{9A19103F-16F7-4668-BE54-9A1E7A4F7556}") = "Project.Request.Web", "Project.Request.Web\Project.Request.Web.csproj", "{D9426B02-D024-48A9-B367-59C1C9C3B00A}"
EndProject
Project("{FAE04EC0-301F-11D3-BF4B-00C04F79EFBC}") = "Project.Request.Models", "Project.Request.Models\Project.Request.Models.csproj", "{8AC2702E-5ABE-4C58-A615-218A7A91BABD}"
EndProject
Project("{FAE04EC0-301F-11D3-BF4B-00C04F79EFBC}") = "Project.Request.Data", "Project.Request.Data\Project.Request.Data.csproj", "{AB2E2E01-3E8D-47EF-B067-4BF9DD01264E}"
EndProject
Project("{FAE04EC0-301F-11D3-BF4B-00C04F79EFBC}") = "Project.Request.Services", "Project.Request.Services\Project.Request.Services.csproj", "{DCD519D6-5FA8-42E1-BB1A-3D9FB6B67A22}"
EndProject
Global
	GlobalSection(SolutionConfigurationPlatforms) = preSolution
		Debug|Any CPU = Debug|Any CPU
		Release|Any CPU = Release|Any CPU
	EndGlobalSection
	GlobalSection(ProjectConfigurationPlatforms) = postSolution
		{D9426B02-D024-48A9-B367-59C1C9C3B00A}.Debug|Any CPU.ActiveCfg = Debug|Any CPU
		{D9426B02-D024-48A9-B367-59C1C9C3B00A}.Debug|Any CPU.Build.0 = Debug|Any CPU
		{D9426B02-D024-48A9-B367-59C1C9C3B00A}.Release|Any CPU.ActiveCfg = Release|Any CPU
		{D9426B02-D024-48A9-B367-59C1C9C3B00A}.Release|Any CPU.Build.0 = Release|Any CPU
		{8AC2702E-5ABE-4C58-A615-218A7A91BABD}.Debug|Any CPU.ActiveCfg = Debug|Any CPU
		{8AC2702E-5ABE-4C58-A615-218A7A91BABD}.Debug|Any CPU.Build.0 = Debug|Any CPU
		{8AC2702E-5ABE-4C58-A615-218A7A91BABD}.Release|Any CPU.ActiveCfg = Release|Any CPU
		{8AC2702E-5ABE-4C58-A615-218A7A91BABD}.Release|Any CPU.Build.0 = Release|Any CPU
		{AB2E2E01-3E8D-47EF-B067-4BF9DD01264E}.Debug|Any CPU.ActiveCfg = Debug|Any CPU
		{AB2E2E01-3E8D-47EF-B067-4BF9DD01264E}.Debug|Any CPU.Build.0 = Debug|Any CPU
		{AB2E2E01-3E8D-47EF-B067-4BF9DD01264E}.Release|Any CPU.ActiveCfg = Release|Any CPU
		{AB2E2E01-3E8D-47EF-B067-4BF9DD01264E}.Release|Any CPU.Build.0 = Release|Any CPU
		{DCD519D6-5FA8-42E1-BB1A-3D9FB6B67A22}.Debug|Any CPU.ActiveCfg = Debug|Any CPU
		{DCD519D6-5FA8-42E1-BB1A-3D9FB6B67A22}.Debug|Any CPU.Build.0 = Debug|Any CPU
		{DCD519D6-5FA8-42E1-BB1A-3D9FB6B67A22}.Release|Any CPU.ActiveCfg = Release|Any CPU
		{DCD519D6-5FA8-42E1-BB1A-3D9FB6B67A22}.Release|Any CPU.Build.0 = Release|Any CPU
	EndGlobalSection
	GlobalSection(SolutionProperties) = preSolution
		HideSolutionNode = FALSE
	EndGlobalSection
	GlobalSection(ExtensibilityGlobals) = postSolution
		SolutionGuid = {8333DA48-475F-416B-9121-8E960CEC96DB}
	EndGlobalSection
EndGlobal
